
Microsoft Visual Studio Solution File, Format Version 12.00
# Visual Studio 15
VisualStudioVersion = 15.0.27130.2010
MinimumVisualStudioVersion = 10.0.40219.1
Project("{9A19103F-16F7-4668-BE54-9A1E7A4F7556}") = "pwiki", "pwiki\pwiki.csproj", "{144EBFCC-87A2-455C-99E6-ED594E3B3F55}"
EndProject
Project("{9A19103F-16F7-4668-BE54-9A1E7A4F7556}") = "pwiki.domain", "pwiki.domain\pwiki.domain.csproj", "{5CCD4D0D-5686-4C2C-8E10-2CB1B024534D}"
EndProject
Project("{FAE04EC0-301F-11D3-BF4B-00C04F79EFBC}") = "Tests", "Tests\Tests.csproj", "{9C6F8C49-BD60-4911-927B-0C07758DBFF9}"
EndProject
Global
	GlobalSection(SolutionConfigurationPlatforms) = preSolution
		Debug|Any CPU = Debug|Any CPU
		Release|Any CPU = Release|Any CPU
	EndGlobalSection
	GlobalSection(ProjectConfigurationPlatforms) = postSolution
		{144EBFCC-87A2-455C-99E6-ED594E3B3F55}.Debug|Any CPU.ActiveCfg = Debug|Any CPU
		{144EBFCC-87A2-455C-99E6-ED594E3B3F55}.Debug|Any CPU.Build.0 = Debug|Any CPU
		{144EBFCC-87A2-455C-99E6-ED594E3B3F55}.Release|Any CPU.ActiveCfg = Release|Any CPU
		{144EBFCC-87A2-455C-99E6-ED594E3B3F55}.Release|Any CPU.Build.0 = Release|Any CPU
		{5CCD4D0D-5686-4C2C-8E10-2CB1B024534D}.Debug|Any CPU.ActiveCfg = Debug|Any CPU
		{5CCD4D0D-5686-4C2C-8E10-2CB1B024534D}.Debug|Any CPU.Build.0 = Debug|Any CPU
		{5CCD4D0D-5686-4C2C-8E10-2CB1B024534D}.Release|Any CPU.ActiveCfg = Release|Any CPU
		{5CCD4D0D-5686-4C2C-8E10-2CB1B024534D}.Release|Any CPU.Build.0 = Release|Any CPU
		{9C6F8C49-BD60-4911-927B-0C07758DBFF9}.Debug|Any CPU.ActiveCfg = Debug|Any CPU
		{9C6F8C49-BD60-4911-927B-0C07758DBFF9}.Debug|Any CPU.Build.0 = Debug|Any CPU
		{9C6F8C49-BD60-4911-927B-0C07758DBFF9}.Release|Any CPU.ActiveCfg = Release|Any CPU
		{9C6F8C49-BD60-4911-927B-0C07758DBFF9}.Release|Any CPU.Build.0 = Release|Any CPU
	EndGlobalSection
	GlobalSection(SolutionProperties) = preSolution
		HideSolutionNode = FALSE
	EndGlobalSection
	GlobalSection(ExtensibilityGlobals) = postSolution
		SolutionGuid = {FB6B7EA5-D027-40BB-9247-A66D39B0B77A}
	EndGlobalSection
EndGlobal
